
Microsoft Visual Studio Solution File, Format Version 12.00
# Visual Studio Version 17
VisualStudioVersion = 17.2.32516.85
MinimumVisualStudioVersion = 10.0.40219.1
Project("{9A19103F-16F7-4668-BE54-9A1E7A4F7556}") = "LearnSeeSharp", "LearnSeeSharp\LearnSeeSharp.csproj", "{3299765C-3B96-4579-84D9-10C09F476286}"
EndProject
Project("{9A19103F-16F7-4668-BE54-9A1E7A4F7556}") = "LearnGameSeeSharp001", "LearnGameSeeSharp001\LearnGameSeeSharp001.csproj", "{BA1702BC-5411-46EB-8FCB-F6774D737DA1}"
EndProject
Project("{9A19103F-16F7-4668-BE54-9A1E7A4F7556}") = "Choices", "Choises\Choices.csproj", "{7951E6AE-21F4-4B32-A601-B78E6C67D087}"
EndProject
Project("{FAE04EC0-301F-11D3-BF4B-00C04F79EFBC}") = "KimJungGiLoader", "KimJungGiLoader\KimJungGiLoader.csproj", "{9F38F470-CE7A-4533-9702-B9CE33D6EF18}"
EndProject
Global
	GlobalSection(SolutionConfigurationPlatforms) = preSolution
		Debug|Any CPU = Debug|Any CPU
		Release|Any CPU = Release|Any CPU
	EndGlobalSection
	GlobalSection(ProjectConfigurationPlatforms) = postSolution
		{3299765C-3B96-4579-84D9-10C09F476286}.Debug|Any CPU.ActiveCfg = Debug|Any CPU
		{3299765C-3B96-4579-84D9-10C09F476286}.Debug|Any CPU.Build.0 = Debug|Any CPU
		{3299765C-3B96-4579-84D9-10C09F476286}.Release|Any CPU.ActiveCfg = Release|Any CPU
		{3299765C-3B96-4579-84D9-10C09F476286}.Release|Any CPU.Build.0 = Release|Any CPU
		{BA1702BC-5411-46EB-8FCB-F6774D737DA1}.Debug|Any CPU.ActiveCfg = Debug|Any CPU
		{BA1702BC-5411-46EB-8FCB-F6774D737DA1}.Debug|Any CPU.Build.0 = Debug|Any CPU
		{BA1702BC-5411-46EB-8FCB-F6774D737DA1}.Release|Any CPU.ActiveCfg = Release|Any CPU
		{BA1702BC-5411-46EB-8FCB-F6774D737DA1}.Release|Any CPU.Build.0 = Release|Any CPU
		{7951E6AE-21F4-4B32-A601-B78E6C67D087}.Debug|Any CPU.ActiveCfg = Debug|Any CPU
		{7951E6AE-21F4-4B32-A601-B78E6C67D087}.Debug|Any CPU.Build.0 = Debug|Any CPU
		{7951E6AE-21F4-4B32-A601-B78E6C67D087}.Release|Any CPU.ActiveCfg = Release|Any CPU
		{7951E6AE-21F4-4B32-A601-B78E6C67D087}.Release|Any CPU.Build.0 = Release|Any CPU
		{9F38F470-CE7A-4533-9702-B9CE33D6EF18}.Debug|Any CPU.ActiveCfg = Debug|Any CPU
		{9F38F470-CE7A-4533-9702-B9CE33D6EF18}.Debug|Any CPU.Build.0 = Debug|Any CPU
		{9F38F470-CE7A-4533-9702-B9CE33D6EF18}.Release|Any CPU.ActiveCfg = Release|Any CPU
		{9F38F470-CE7A-4533-9702-B9CE33D6EF18}.Release|Any CPU.Build.0 = Release|Any CPU
	EndGlobalSection
	GlobalSection(SolutionProperties) = preSolution
		HideSolutionNode = FALSE
	EndGlobalSection
	GlobalSection(ExtensibilityGlobals) = postSolution
		SolutionGuid = {412ED1A7-AE19-4B3B-A10D-2E8FC439EA01}
	EndGlobalSection
EndGlobal
